
Microsoft Visual Studio Solution File, Format Version 12.00
# Visual Studio 15
VisualStudioVersion = 15.0.28307.852
MinimumVisualStudioVersion = 10.0.40219.1
Project("{9A19103F-16F7-4668-BE54-9A1E7A4F7556}") = "Todoistic", "Todoistic\Todoistic.csproj", "{7053F143-2514-4880-B839-F3FCE62407CC}"
EndProject
Project("{FAE04EC0-301F-11D3-BF4B-00C04F79EFBC}") = "Todoistic.Test", "Todoistic.Test\Todoistic.Test.csproj", "{B287F31F-7481-49A0-AAE4-EAB36DA4BD10}"
EndProject
Global
	GlobalSection(SolutionConfigurationPlatforms) = preSolution
		Debug|Any CPU = Debug|Any CPU
		Release|Any CPU = Release|Any CPU
	EndGlobalSection
	GlobalSection(ProjectConfigurationPlatforms) = postSolution
		{7053F143-2514-4880-B839-F3FCE62407CC}.Debug|Any CPU.ActiveCfg = Debug|Any CPU
		{7053F143-2514-4880-B839-F3FCE62407CC}.Debug|Any CPU.Build.0 = Debug|Any CPU
		{7053F143-2514-4880-B839-F3FCE62407CC}.Release|Any CPU.ActiveCfg = Release|Any CPU
		{7053F143-2514-4880-B839-F3FCE62407CC}.Release|Any CPU.Build.0 = Release|Any CPU
		{B287F31F-7481-49A0-AAE4-EAB36DA4BD10}.Debug|Any CPU.ActiveCfg = Debug|Any CPU
		{B287F31F-7481-49A0-AAE4-EAB36DA4BD10}.Debug|Any CPU.Build.0 = Debug|Any CPU
		{B287F31F-7481-49A0-AAE4-EAB36DA4BD10}.Release|Any CPU.ActiveCfg = Release|Any CPU
		{B287F31F-7481-49A0-AAE4-EAB36DA4BD10}.Release|Any CPU.Build.0 = Release|Any CPU
	EndGlobalSection
	GlobalSection(SolutionProperties) = preSolution
		HideSolutionNode = FALSE
	EndGlobalSection
	GlobalSection(ExtensibilityGlobals) = postSolution
		SolutionGuid = {E411E387-B397-4519-AE6A-D631791AE788}
	EndGlobalSection
EndGlobal
